// !$*UTF8*$!
{archiveVersion = 1; classes = {}; objectVersion = 60; objects = {
9FBAE1340AF677A4221506A4 = {isa = PBXFileReference; lastKnownFileType = sourcecode.swift; path = "DB3App/ConnectionSheet.swift"; sourceTree = "<group>";};
AAA6098512F99390390354A7 = {isa = PBXBuildFile; fileRef = 9FBAE1340AF677A4221506A4;};
99BF80C4B138E1A5F88643FD = {isa = PBXFileReference; lastKnownFileType = sourcecode.swift; path = "DB3App/DB3App.swift"; sourceTree = "<group>";};
AE2E21FA392A66263562B0B9 = {isa = PBXBuildFile; fileRef = 99BF80C4B138E1A5F88643FD;};
75BDFCFC48A65E702FA4816C = {isa = PBXFileReference; lastKnownFileType = sourcecode.swift; path = "DB3App/LocalPersistence.swift"; sourceTree = "<group>";};
8C7CCD603A11B0789B2243E6 = {isa = PBXBuildFile; fileRef = 75BDFCFC48A65E702FA4816C;};
32823300AE1A7E18D053FCEF = {isa = PBXFileReference; lastKnownFileType = sourcecode.swift; path = "DB3App/WorkbenchModel.swift"; sourceTree = "<group>";};
F15A731ACFF533D086F0F49C = {isa = PBXBuildFile; fileRef = 32823300AE1A7E18D053FCEF;};
90D334B554ED2B67F0E7A7ED = {isa = PBXFileReference; lastKnownFileType = sourcecode.swift; path = "DB3App/WorkbenchView.swift"; sourceTree = "<group>";};
B50C8D77B688370C7441B0D9 = {isa = PBXBuildFile; fileRef = 90D334B554ED2B67F0E7A7ED;};
BCC2E827B2A498C43154C8CD = {isa = PBXFileReference; lastKnownFileType = sourcecode.swift; path = "DB3App/Worksheet.swift"; sourceTree = "<group>";};
6F6E2238C64D6FC63599A1F9 = {isa = PBXBuildFile; fileRef = BCC2E827B2A498C43154C8CD;};
38A007151ABE87CC01A5B6E9 = {isa = PBXFileReference; explicitFileType = wrapper.application; path = db3.app; sourceTree = BUILT_PRODUCTS_DIR;};
FBDC4F23F93125BBEEAE800C = {isa = PBXGroup; children = (38A007151ABE87CC01A5B6E9,); name = Products; sourceTree = "<group>";};
64292B1C2B2E13EAD8788FC8 = {isa = PBXGroup; children = (9FBAE1340AF677A4221506A4,99BF80C4B138E1A5F88643FD,75BDFCFC48A65E702FA4816C,32823300AE1A7E18D053FCEF,90D334B554ED2B67F0E7A7ED,BCC2E827B2A498C43154C8CD,FBDC4F23F93125BBEEAE800C,); sourceTree = "<group>";};
D3C3E067FC1BBCCEAA4D9313 = {isa = PBXSourcesBuildPhase; buildActionMask = 2147483647; files = (AAA6098512F99390390354A7,AE2E21FA392A66263562B0B9,8C7CCD603A11B0789B2243E6,F15A731ACFF533D086F0F49C,B50C8D77B688370C7441B0D9,6F6E2238C64D6FC63599A1F9,); runOnlyForDeploymentPostprocessing = 0;};
582681C2EAE02B3F3D399C0C = {isa = XCLocalSwiftPackageReference; relativePath = ../Packages/DB3Kit;};
5967CEF3AF0329BC3FEAF44D = {isa = XCSwiftPackageProductDependency; package = 582681C2EAE02B3F3D399C0C; productName = DB3Core;};
CAEF5131876294BE305A103A = {isa = PBXBuildFile; productRef = 5967CEF3AF0329BC3FEAF44D;};
ABE9DD38A2604843EE0036A7 = {isa = XCSwiftPackageProductDependency; package = 582681C2EAE02B3F3D399C0C; productName = DB3Postgres;};
5AAAC99D063019DE07E4847A = {isa = PBXBuildFile; productRef = ABE9DD38A2604843EE0036A7;};
42AA4E50CB298592190E8110 = {isa = XCSwiftPackageProductDependency; package = 582681C2EAE02B3F3D399C0C; productName = DB3Results;};
5119DA64BA6849FA6A27653B = {isa = PBXBuildFile; productRef = 42AA4E50CB298592190E8110;};
78C9AD51653A871C3F9C1EE4 = {isa = XCSwiftPackageProductDependency; package = 582681C2EAE02B3F3D399C0C; productName = DB3Editor;};
1D79C7B8BB66308037B64479 = {isa = PBXBuildFile; productRef = 78C9AD51653A871C3F9C1EE4;};
4B0029F68C6AF878E10FE084 = {isa = XCSwiftPackageProductDependency; package = 582681C2EAE02B3F3D399C0C; productName = DB3Grid;};
60EE2A8E34D9A1F8C7E13140 = {isa = PBXBuildFile; productRef = 4B0029F68C6AF878E10FE084;};
BEE832DE65DB5CA7507F7EF9 = {isa = PBXFrameworksBuildPhase; buildActionMask = 2147483647; files = (CAEF5131876294BE305A103A,5AAAC99D063019DE07E4847A,5119DA64BA6849FA6A27653B,1D79C7B8BB66308037B64479,60EE2A8E34D9A1F8C7E13140,); runOnlyForDeploymentPostprocessing = 0;};
34EC437E5837D0D5F6E620DD = {isa = PBXShellScriptBuildPhase; buildActionMask = 2147483647; files = (); inputPaths = (); outputPaths = (); name = "Embed PostgreSQL"; runOnlyForDeploymentPostprocessing = 0; shellPath = /bin/sh; shellScript = "python3 \"$SRCROOT/../Scripts/embed-postgres.py\" \"$TARGET_BUILD_DIR/$WRAPPER_NAME\""; alwaysOutOfDate = 1;};
89E1FD6268CC0F221A2BE178 = {isa = XCBuildConfiguration; buildSettings = {MACOSX_DEPLOYMENT_TARGET = "26.0"; SDKROOT = "macosx"; SWIFT_VERSION = "6.0"; ARCHS = "arm64"; SWIFT_STRICT_CONCURRENCY = "complete"; CLANG_ENABLE_MODULES = "YES"; ENABLE_USER_SCRIPT_SANDBOXING = "NO"; SWIFT_OPTIMIZATION_LEVEL = "-Onone"; DEBUG_INFORMATION_FORMAT = "dwarf";}; name = Debug;};
E6DE6C99132752C914FEF632 = {isa = XCBuildConfiguration; buildSettings = {MACOSX_DEPLOYMENT_TARGET = "26.0"; SDKROOT = "macosx"; SWIFT_VERSION = "6.0"; ARCHS = "arm64"; SWIFT_STRICT_CONCURRENCY = "complete"; CLANG_ENABLE_MODULES = "YES"; ENABLE_USER_SCRIPT_SANDBOXING = "NO"; SWIFT_OPTIMIZATION_LEVEL = "-O"; DEBUG_INFORMATION_FORMAT = "dwarf-with-dsym";}; name = Release;};
862894B703A6DEDF96A9DD6C = {isa = XCConfigurationList; buildConfigurations = (89E1FD6268CC0F221A2BE178,E6DE6C99132752C914FEF632,); defaultConfigurationIsVisible = 0; defaultConfigurationName = Release;};
E9B2E96ABC5F6856F2BE79CF = {isa = XCBuildConfiguration; buildSettings = {MACOSX_DEPLOYMENT_TARGET = "26.0"; SDKROOT = "macosx"; SWIFT_VERSION = "6.0"; ARCHS = "arm64"; SWIFT_STRICT_CONCURRENCY = "complete"; CLANG_ENABLE_MODULES = "YES"; ENABLE_USER_SCRIPT_SANDBOXING = "NO"; SWIFT_OPTIMIZATION_LEVEL = "-Onone"; DEBUG_INFORMATION_FORMAT = "dwarf"; PRODUCT_NAME = "db3"; PRODUCT_BUNDLE_IDENTIFIER = "app.db3.workbench"; GENERATE_INFOPLIST_FILE = "YES"; INFOPLIST_KEY_CFBundleDisplayName = "db3"; INFOPLIST_KEY_LSApplicationCategoryType = "public.app-category.developer-tools"; MARKETING_VERSION = "0.1.0"; CURRENT_PROJECT_VERSION = "1"; CODE_SIGN_STYLE = "Automatic"; CODE_SIGN_IDENTITY = "-"; ENABLE_HARDENED_RUNTIME = "NO"; ENABLE_APP_SANDBOX = "NO"; LD_RUNPATH_SEARCH_PATHS = "$(inherited) @executable_path/../Frameworks"; SWIFT_EMIT_LOC_STRINGS = "YES";}; name = Debug;};
5A8C91857F674E16E2724F47 = {isa = XCBuildConfiguration; buildSettings = {MACOSX_DEPLOYMENT_TARGET = "26.0"; SDKROOT = "macosx"; SWIFT_VERSION = "6.0"; ARCHS = "arm64"; SWIFT_STRICT_CONCURRENCY = "complete"; CLANG_ENABLE_MODULES = "YES"; ENABLE_USER_SCRIPT_SANDBOXING = "NO"; SWIFT_OPTIMIZATION_LEVEL = "-O"; DEBUG_INFORMATION_FORMAT = "dwarf-with-dsym"; PRODUCT_NAME = "db3"; PRODUCT_BUNDLE_IDENTIFIER = "app.db3.workbench"; GENERATE_INFOPLIST_FILE = "YES"; INFOPLIST_KEY_CFBundleDisplayName = "db3"; INFOPLIST_KEY_LSApplicationCategoryType = "public.app-category.developer-tools"; MARKETING_VERSION = "0.1.0"; CURRENT_PROJECT_VERSION = "1"; CODE_SIGN_STYLE = "Automatic"; CODE_SIGN_IDENTITY = "-"; ENABLE_HARDENED_RUNTIME = "NO"; ENABLE_APP_SANDBOX = "NO"; LD_RUNPATH_SEARCH_PATHS = "$(inherited) @executable_path/../Frameworks"; SWIFT_EMIT_LOC_STRINGS = "YES";}; name = Release;};
F37922C48DA5978D02C9E50E = {isa = XCConfigurationList; buildConfigurations = (E9B2E96ABC5F6856F2BE79CF,5A8C91857F674E16E2724F47,); defaultConfigurationIsVisible = 0; defaultConfigurationName = Release;};
0E8A3AD980EC179856012B7E = {isa = PBXNativeTarget; buildConfigurationList = F37922C48DA5978D02C9E50E; buildPhases = (D3C3E067FC1BBCCEAA4D9313,BEE832DE65DB5CA7507F7EF9,34EC437E5837D0D5F6E620DD,); buildRules = (); dependencies = (); name = db3; productName = db3; productReference = 38A007151ABE87CC01A5B6E9; productType = "com.apple.product-type.application"; packageProductDependencies = (5967CEF3AF0329BC3FEAF44D,ABE9DD38A2604843EE0036A7,42AA4E50CB298592190E8110,78C9AD51653A871C3F9C1EE4,4B0029F68C6AF878E10FE084,);};
98F54143AB4E86B28C3AFEE0 = {isa = PBXProject; attributes = {LastUpgradeCheck = 2660;}; buildConfigurationList = 862894B703A6DEDF96A9DD6C; compatibilityVersion = "Xcode 14.0"; developmentRegion = en; hasScannedForEncodings = 0; knownRegions = (en,Base,); mainGroup = 64292B1C2B2E13EAD8788FC8; productRefGroup = FBDC4F23F93125BBEEAE800C; projectDirPath = ""; projectRoot = ""; targets = (0E8A3AD980EC179856012B7E,); packageReferences = (582681C2EAE02B3F3D399C0C,);};
}; rootObject = 98F54143AB4E86B28C3AFEE0;}
