// !$*UTF8*$!
{archiveVersion = 1; classes = {}; objectVersion = 60; objects = {
9FBAE1340AF677A4221506A4 = {isa = PBXFileReference; lastKnownFileType = sourcecode.swift; path = "DB3App/ConnectionSheet.swift"; sourceTree = "<group>";};
AAA6098512F99390390354A7 = {isa = PBXBuildFile; fileRef = 9FBAE1340AF677A4221506A4;};
99BF80C4B138E1A5F88643FD = {isa = PBXFileReference; lastKnownFileType = sourcecode.swift; path = "DB3App/DB3App.swift"; sourceTree = "<group>";};
AE2E21FA392A66263562B0B9 = {isa = PBXBuildFile; fileRef = 99BF80C4B138E1A5F88643FD;};
7CBD8400DACB90D5B92A0207 = {isa = PBXFileReference; lastKnownFileType = sourcecode.swift; path = "DB3App/EditReviewViews.swift"; sourceTree = "<group>";};
F535C526B09260D8A45EB339 = {isa = PBXBuildFile; fileRef = 7CBD8400DACB90D5B92A0207;};
44FABAFB781DD637BD0202AE = {isa = PBXFileReference; lastKnownFileType = sourcecode.swift; path = "DB3App/ForeignKeyLookupModel.swift"; sourceTree = "<group>";};
923F0DE687CA1CAD4D2FA87C = {isa = PBXBuildFile; fileRef = 44FABAFB781DD637BD0202AE;};
75BDFCFC48A65E702FA4816C = {isa = PBXFileReference; lastKnownFileType = sourcecode.swift; path = "DB3App/LocalPersistence.swift"; sourceTree = "<group>";};
8C7CCD603A11B0789B2243E6 = {isa = PBXBuildFile; fileRef = 75BDFCFC48A65E702FA4816C;};
A4AFEED0609F1CA6F82A0D5D = {isa = PBXFileReference; lastKnownFileType = sourcecode.swift; path = "DB3App/MiddleClickTabClose.swift"; sourceTree = "<group>";};
D7C169F27CF532ECA119D496 = {isa = PBXBuildFile; fileRef = A4AFEED0609F1CA6F82A0D5D;};
08D389F0F9469641C8BE60D6 = {isa = PBXFileReference; lastKnownFileType = sourcecode.swift; path = "DB3App/ObjectBrowserModel.swift"; sourceTree = "<group>";};
B877C780172F86E4097F2517 = {isa = PBXBuildFile; fileRef = 08D389F0F9469641C8BE60D6;};
9FC6BCF0312F47BB53B5DC07 = {isa = PBXFileReference; lastKnownFileType = sourcecode.swift; path = "DB3App/ObjectBrowserView.swift"; sourceTree = "<group>";};
F91AD2D8B342FE0F7EAEA12B = {isa = PBXBuildFile; fileRef = 9FC6BCF0312F47BB53B5DC07;};
2326F07E52F88CA9678D58FE = {isa = PBXFileReference; lastKnownFileType = sourcecode.swift; path = "DB3App/ProjectMetadataProvider.swift"; sourceTree = "<group>";};
98ED29F52B83763758060DB8 = {isa = PBXBuildFile; fileRef = 2326F07E52F88CA9678D58FE;};
60592975A0073433A5BCB684 = {isa = PBXFileReference; lastKnownFileType = sourcecode.swift; path = "DB3App/ProjectMutationFence.swift"; sourceTree = "<group>";};
7FCDFE1788D7D4BB8FBC85E7 = {isa = PBXBuildFile; fileRef = 60592975A0073433A5BCB684;};
8AFF3C67B9BB6C97C0093EA1 = {isa = PBXFileReference; lastKnownFileType = sourcecode.swift; path = "DB3App/ProjectViews.swift"; sourceTree = "<group>";};
DB0D25B842A39E39D60B468C = {isa = PBXBuildFile; fileRef = 8AFF3C67B9BB6C97C0093EA1;};
933A2B2A71404AC81B9A4E51 = {isa = PBXFileReference; lastKnownFileType = sourcecode.swift; path = "DB3App/ProjectWorkspaceModel.swift"; sourceTree = "<group>";};
428693F4B1F872E604F935BF = {isa = PBXBuildFile; fileRef = 933A2B2A71404AC81B9A4E51;};
F397D4341C6AE2BB1391C011 = {isa = PBXFileReference; lastKnownFileType = sourcecode.swift; path = "DB3App/QueryInspectorView.swift"; sourceTree = "<group>";};
04148E1D0998D99B4C9C975E = {isa = PBXBuildFile; fileRef = F397D4341C6AE2BB1391C011;};
027BFD11EDD00F0AA6BF0305 = {isa = PBXFileReference; lastKnownFileType = sourcecode.swift; path = "DB3App/QueryTabBar.swift"; sourceTree = "<group>";};
06639D62A627D01F77C2BD6C = {isa = PBXBuildFile; fileRef = 027BFD11EDD00F0AA6BF0305;};
715B8B1D1B7FF3D21FB00545 = {isa = PBXFileReference; lastKnownFileType = sourcecode.swift; path = "DB3App/QueryTabContentHost.swift"; sourceTree = "<group>";};
D66BEA57EED9CBEAC3BED93B = {isa = PBXBuildFile; fileRef = 715B8B1D1B7FF3D21FB00545;};
6FC9481672A2CBFA3B1DA384 = {isa = PBXFileReference; lastKnownFileType = sourcecode.swift; path = "DB3App/WorkbenchInteraction.swift"; sourceTree = "<group>";};
70725727DC651400CCFD5303 = {isa = PBXBuildFile; fileRef = 6FC9481672A2CBFA3B1DA384;};
32823300AE1A7E18D053FCEF = {isa = PBXFileReference; lastKnownFileType = sourcecode.swift; path = "DB3App/WorkbenchModel.swift"; sourceTree = "<group>";};
F15A731ACFF533D086F0F49C = {isa = PBXBuildFile; fileRef = 32823300AE1A7E18D053FCEF;};
90D334B554ED2B67F0E7A7ED = {isa = PBXFileReference; lastKnownFileType = sourcecode.swift; path = "DB3App/WorkbenchView.swift"; sourceTree = "<group>";};
B50C8D77B688370C7441B0D9 = {isa = PBXBuildFile; fileRef = 90D334B554ED2B67F0E7A7ED;};
BCC2E827B2A498C43154C8CD = {isa = PBXFileReference; lastKnownFileType = sourcecode.swift; path = "DB3App/Worksheet.swift"; sourceTree = "<group>";};
6F6E2238C64D6FC63599A1F9 = {isa = PBXBuildFile; fileRef = BCC2E827B2A498C43154C8CD;};
3C0DB01BF79F086C8242FF9D = {isa = PBXFileReference; lastKnownFileType = sourcecode.swift; path = "DB3App/WorksheetCredentialSheet.swift"; sourceTree = "<group>";};
BE6C061A8DEF298F95B8D14A = {isa = PBXBuildFile; fileRef = 3C0DB01BF79F086C8242FF9D;};
8DE4279689D4231F655DCCE5 = {isa = PBXFileReference; lastKnownFileType = sourcecode.swift; path = "DB3App/WorksheetEditing.swift"; sourceTree = "<group>";};
90F172322C24C816A29C84A3 = {isa = PBXBuildFile; fileRef = 8DE4279689D4231F655DCCE5;};
76E799172DFCB7207FDF4F4C = {isa = PBXFileReference; lastKnownFileType = sourcecode.swift; path = "DB3App/WorksheetInserting.swift"; sourceTree = "<group>";};
82EF19BE70D28B44BE735635 = {isa = PBXBuildFile; fileRef = 76E799172DFCB7207FDF4F4C;};
63E28915052056C27702FD7B = {isa = PBXFileReference; lastKnownFileType = sourcecode.swift; path = "DB3App/WorksheetView.swift"; sourceTree = "<group>";};
706DF7CF5E34ED21BB5EEBF4 = {isa = PBXBuildFile; fileRef = 63E28915052056C27702FD7B;};
4CF811CC29AB69A43B25A26E = {isa = PBXFileReference; lastKnownFileType = sourcecode.swift; path = "DB3App/WorkspaceRecovery.swift"; sourceTree = "<group>";};
139DFE589DE8688F77215732 = {isa = PBXBuildFile; fileRef = 4CF811CC29AB69A43B25A26E;};
3197C6D1B3554B22DCF66A4F = {isa = PBXFileReference; lastKnownFileType = sourcecode.swift; path = "DB3App/WorkspaceWindowLifecycle.swift"; sourceTree = "<group>";};
5B4F9AEE7DBE082917E421CE = {isa = PBXBuildFile; fileRef = 3197C6D1B3554B22DCF66A4F;};
38A007151ABE87CC01A5B6E9 = {isa = PBXFileReference; explicitFileType = wrapper.application; path = db3.app; sourceTree = BUILT_PRODUCTS_DIR;};
FBDC4F23F93125BBEEAE800C = {isa = PBXGroup; children = (38A007151ABE87CC01A5B6E9,); name = Products; sourceTree = "<group>";};
64292B1C2B2E13EAD8788FC8 = {isa = PBXGroup; children = (9FBAE1340AF677A4221506A4,99BF80C4B138E1A5F88643FD,7CBD8400DACB90D5B92A0207,44FABAFB781DD637BD0202AE,75BDFCFC48A65E702FA4816C,A4AFEED0609F1CA6F82A0D5D,08D389F0F9469641C8BE60D6,9FC6BCF0312F47BB53B5DC07,2326F07E52F88CA9678D58FE,60592975A0073433A5BCB684,8AFF3C67B9BB6C97C0093EA1,933A2B2A71404AC81B9A4E51,F397D4341C6AE2BB1391C011,027BFD11EDD00F0AA6BF0305,715B8B1D1B7FF3D21FB00545,6FC9481672A2CBFA3B1DA384,32823300AE1A7E18D053FCEF,90D334B554ED2B67F0E7A7ED,BCC2E827B2A498C43154C8CD,3C0DB01BF79F086C8242FF9D,8DE4279689D4231F655DCCE5,76E799172DFCB7207FDF4F4C,63E28915052056C27702FD7B,4CF811CC29AB69A43B25A26E,3197C6D1B3554B22DCF66A4F,FBDC4F23F93125BBEEAE800C,); sourceTree = "<group>";};
D3C3E067FC1BBCCEAA4D9313 = {isa = PBXSourcesBuildPhase; buildActionMask = 2147483647; files = (AAA6098512F99390390354A7,AE2E21FA392A66263562B0B9,F535C526B09260D8A45EB339,923F0DE687CA1CAD4D2FA87C,8C7CCD603A11B0789B2243E6,D7C169F27CF532ECA119D496,B877C780172F86E4097F2517,F91AD2D8B342FE0F7EAEA12B,98ED29F52B83763758060DB8,7FCDFE1788D7D4BB8FBC85E7,DB0D25B842A39E39D60B468C,428693F4B1F872E604F935BF,04148E1D0998D99B4C9C975E,06639D62A627D01F77C2BD6C,D66BEA57EED9CBEAC3BED93B,70725727DC651400CCFD5303,F15A731ACFF533D086F0F49C,B50C8D77B688370C7441B0D9,6F6E2238C64D6FC63599A1F9,BE6C061A8DEF298F95B8D14A,90F172322C24C816A29C84A3,82EF19BE70D28B44BE735635,706DF7CF5E34ED21BB5EEBF4,139DFE589DE8688F77215732,5B4F9AEE7DBE082917E421CE,); runOnlyForDeploymentPostprocessing = 0;};
582681C2EAE02B3F3D399C0C = {isa = XCLocalSwiftPackageReference; relativePath = ../Packages/DB3Kit;};
5967CEF3AF0329BC3FEAF44D = {isa = XCSwiftPackageProductDependency; package = 582681C2EAE02B3F3D399C0C; productName = DB3Core;};
CAEF5131876294BE305A103A = {isa = PBXBuildFile; productRef = 5967CEF3AF0329BC3FEAF44D;};
ABE9DD38A2604843EE0036A7 = {isa = XCSwiftPackageProductDependency; package = 582681C2EAE02B3F3D399C0C; productName = DB3Postgres;};
5AAAC99D063019DE07E4847A = {isa = PBXBuildFile; productRef = ABE9DD38A2604843EE0036A7;};
42AA4E50CB298592190E8110 = {isa = XCSwiftPackageProductDependency; package = 582681C2EAE02B3F3D399C0C; productName = DB3Results;};
5119DA64BA6849FA6A27653B = {isa = PBXBuildFile; productRef = 42AA4E50CB298592190E8110;};
78C9AD51653A871C3F9C1EE4 = {isa = XCSwiftPackageProductDependency; package = 582681C2EAE02B3F3D399C0C; productName = DB3Editor;};
1D79C7B8BB66308037B64479 = {isa = PBXBuildFile; productRef = 78C9AD51653A871C3F9C1EE4;};
4B0029F68C6AF878E10FE084 = {isa = XCSwiftPackageProductDependency; package = 582681C2EAE02B3F3D399C0C; productName = DB3Grid;};
60EE2A8E34D9A1F8C7E13140 = {isa = PBXBuildFile; productRef = 4B0029F68C6AF878E10FE084;};
8CAD1A31CEEAD56FBD295424 = {isa = XCSwiftPackageProductDependency; package = 582681C2EAE02B3F3D399C0C; productName = DB3Projects;};
035D358FFD667C44A3EEB30F = {isa = PBXBuildFile; productRef = 8CAD1A31CEEAD56FBD295424;};
BEE832DE65DB5CA7507F7EF9 = {isa = PBXFrameworksBuildPhase; buildActionMask = 2147483647; files = (CAEF5131876294BE305A103A,5AAAC99D063019DE07E4847A,5119DA64BA6849FA6A27653B,1D79C7B8BB66308037B64479,60EE2A8E34D9A1F8C7E13140,035D358FFD667C44A3EEB30F,); runOnlyForDeploymentPostprocessing = 0;};
34EC437E5837D0D5F6E620DD = {isa = PBXShellScriptBuildPhase; buildActionMask = 2147483647; files = (); inputPaths = (); outputPaths = (); name = "Embed PostgreSQL"; runOnlyForDeploymentPostprocessing = 0; shellPath = /bin/sh; shellScript = "python3 \"$SRCROOT/../Scripts/embed-postgres.py\" \"$TARGET_BUILD_DIR/$WRAPPER_NAME\""; alwaysOutOfDate = 1;};
89E1FD6268CC0F221A2BE178 = {isa = XCBuildConfiguration; buildSettings = {MACOSX_DEPLOYMENT_TARGET = "26.0"; SDKROOT = "macosx"; SWIFT_VERSION = "6.0"; ARCHS = "arm64"; SWIFT_STRICT_CONCURRENCY = "complete"; CLANG_ENABLE_MODULES = "YES"; ENABLE_USER_SCRIPT_SANDBOXING = "NO"; SWIFT_OPTIMIZATION_LEVEL = "-Onone"; DEBUG_INFORMATION_FORMAT = "dwarf";}; name = Debug;};
E6DE6C99132752C914FEF632 = {isa = XCBuildConfiguration; buildSettings = {MACOSX_DEPLOYMENT_TARGET = "26.0"; SDKROOT = "macosx"; SWIFT_VERSION = "6.0"; ARCHS = "arm64"; SWIFT_STRICT_CONCURRENCY = "complete"; CLANG_ENABLE_MODULES = "YES"; ENABLE_USER_SCRIPT_SANDBOXING = "NO"; SWIFT_OPTIMIZATION_LEVEL = "-O"; DEBUG_INFORMATION_FORMAT = "dwarf-with-dsym";}; name = Release;};
862894B703A6DEDF96A9DD6C = {isa = XCConfigurationList; buildConfigurations = (89E1FD6268CC0F221A2BE178,E6DE6C99132752C914FEF632,); defaultConfigurationIsVisible = 0; defaultConfigurationName = Release;};
E9B2E96ABC5F6856F2BE79CF = {isa = XCBuildConfiguration; buildSettings = {MACOSX_DEPLOYMENT_TARGET = "26.0"; SDKROOT = "macosx"; SWIFT_VERSION = "6.0"; ARCHS = "arm64"; SWIFT_STRICT_CONCURRENCY = "complete"; CLANG_ENABLE_MODULES = "YES"; ENABLE_USER_SCRIPT_SANDBOXING = "NO"; SWIFT_OPTIMIZATION_LEVEL = "-Onone"; DEBUG_INFORMATION_FORMAT = "dwarf"; PRODUCT_NAME = "db3"; PRODUCT_BUNDLE_IDENTIFIER = "app.db3.workbench"; GENERATE_INFOPLIST_FILE = "YES"; INFOPLIST_KEY_CFBundleDisplayName = "db3"; INFOPLIST_KEY_LSApplicationCategoryType = "public.app-category.developer-tools"; INFOPLIST_KEY_NSHumanReadableCopyright = "Author: Ariel Patschiki"; MARKETING_VERSION = "0.1.0"; CURRENT_PROJECT_VERSION = "1"; CODE_SIGN_STYLE = "Automatic"; CODE_SIGN_IDENTITY = "-"; ENABLE_HARDENED_RUNTIME = "NO"; ENABLE_APP_SANDBOX = "NO"; LD_RUNPATH_SEARCH_PATHS = "$(inherited) @executable_path/../Frameworks"; SWIFT_EMIT_LOC_STRINGS = "YES";}; name = Debug;};
5A8C91857F674E16E2724F47 = {isa = XCBuildConfiguration; buildSettings = {MACOSX_DEPLOYMENT_TARGET = "26.0"; SDKROOT = "macosx"; SWIFT_VERSION = "6.0"; ARCHS = "arm64"; SWIFT_STRICT_CONCURRENCY = "complete"; CLANG_ENABLE_MODULES = "YES"; ENABLE_USER_SCRIPT_SANDBOXING = "NO"; SWIFT_OPTIMIZATION_LEVEL = "-O"; DEBUG_INFORMATION_FORMAT = "dwarf-with-dsym"; PRODUCT_NAME = "db3"; PRODUCT_BUNDLE_IDENTIFIER = "app.db3.workbench"; GENERATE_INFOPLIST_FILE = "YES"; INFOPLIST_KEY_CFBundleDisplayName = "db3"; INFOPLIST_KEY_LSApplicationCategoryType = "public.app-category.developer-tools"; INFOPLIST_KEY_NSHumanReadableCopyright = "Author: Ariel Patschiki"; MARKETING_VERSION = "0.1.0"; CURRENT_PROJECT_VERSION = "1"; CODE_SIGN_STYLE = "Automatic"; CODE_SIGN_IDENTITY = "-"; ENABLE_HARDENED_RUNTIME = "NO"; ENABLE_APP_SANDBOX = "NO"; LD_RUNPATH_SEARCH_PATHS = "$(inherited) @executable_path/../Frameworks"; SWIFT_EMIT_LOC_STRINGS = "YES";}; name = Release;};
F37922C48DA5978D02C9E50E = {isa = XCConfigurationList; buildConfigurations = (E9B2E96ABC5F6856F2BE79CF,5A8C91857F674E16E2724F47,); defaultConfigurationIsVisible = 0; defaultConfigurationName = Release;};
0E8A3AD980EC179856012B7E = {isa = PBXNativeTarget; buildConfigurationList = F37922C48DA5978D02C9E50E; buildPhases = (D3C3E067FC1BBCCEAA4D9313,BEE832DE65DB5CA7507F7EF9,34EC437E5837D0D5F6E620DD,); buildRules = (); dependencies = (); name = db3; productName = db3; productReference = 38A007151ABE87CC01A5B6E9; productType = "com.apple.product-type.application"; packageProductDependencies = (5967CEF3AF0329BC3FEAF44D,ABE9DD38A2604843EE0036A7,42AA4E50CB298592190E8110,78C9AD51653A871C3F9C1EE4,4B0029F68C6AF878E10FE084,8CAD1A31CEEAD56FBD295424,);};
98F54143AB4E86B28C3AFEE0 = {isa = PBXProject; attributes = {LastUpgradeCheck = 2660;}; buildConfigurationList = 862894B703A6DEDF96A9DD6C; compatibilityVersion = "Xcode 14.0"; developmentRegion = en; hasScannedForEncodings = 0; knownRegions = (en,Base,); mainGroup = 64292B1C2B2E13EAD8788FC8; productRefGroup = FBDC4F23F93125BBEEAE800C; projectDirPath = ""; projectRoot = ""; targets = (0E8A3AD980EC179856012B7E,); packageReferences = (582681C2EAE02B3F3D399C0C,);};
}; rootObject = 98F54143AB4E86B28C3AFEE0;}
